
Microsoft Visual Studio Solution File, Format Version 12.00
# Visual Studio Version 17
VisualStudioVersion = 17.9.34607.119
MinimumVisualStudioVersion = 10.0.40219.1
Project("{FAE04EC0-301F-11D3-BF4B-00C04F79EFBC}") = "GCPlugin", "GCPlugin\GCPlugin.csproj", "{02CDF716-9CCC-4B89-A891-CAFAA0B5BF8E}"
EndProject
Global
	GlobalSection(SolutionConfigurationPlatforms) = preSolution
		Debug|Any CPU = Debug|Any CPU
		Release|Any CPU = Release|Any CPU
	EndGlobalSection
	GlobalSection(ProjectConfigurationPlatforms) = postSolution
		{02CDF716-9CCC-4B89-A891-CAFAA0B5BF8E}.Debug|Any CPU.ActiveCfg = Debug|Any CPU
		{02CDF716-9CCC-4B89-A891-CAFAA0B5BF8E}.Debug|Any CPU.Build.0 = Debug|Any CPU
		{02CDF716-9CCC-4B89-A891-CAFAA0B5BF8E}.Release|Any CPU.ActiveCfg = Release|Any CPU
		{02CDF716-9CCC-4B89-A891-CAFAA0B5BF8E}.Release|Any CPU.Build.0 = Release|Any CPU
	EndGlobalSection
	GlobalSection(SolutionProperties) = preSolution
		HideSolutionNode = FALSE
	EndGlobalSection
	GlobalSection(ExtensibilityGlobals) = postSolution
		SolutionGuid = {F43E7823-D17F-49D7-A699-1BB8640F622F}
	EndGlobalSection
EndGlobal
